
Microsoft Visual Studio Solution File, Format Version 12.00
# Visual Studio 15
VisualStudioVersion = 15.0.28307.539
MinimumVisualStudioVersion = 10.0.40219.1
Project("{FAE04EC0-301F-11D3-BF4B-00C04F79EFBC}") = "SE_Template_HelloWorld", "SE_Template_HelloWorld\SE_Template_HelloWorld.csproj", "{F117C678-223D-4733-B8C3-26F846EBA91D}"
EndProject
Global
	GlobalSection(SolutionConfigurationPlatforms) = preSolution
		Debug|x64 = Debug|x64
	EndGlobalSection
	GlobalSection(ProjectConfigurationPlatforms) = postSolution
		{F117C678-223D-4733-B8C3-26F846EBA91D}.Debug|x64.ActiveCfg = Debug|x64
		{F117C678-223D-4733-B8C3-26F846EBA91D}.Debug|x64.Build.0 = Debug|x64
	EndGlobalSection
	GlobalSection(SolutionProperties) = preSolution
		HideSolutionNode = FALSE
	EndGlobalSection
	GlobalSection(ExtensibilityGlobals) = postSolution
		SolutionGuid = {F417AF2F-12A2-4FE4-AAE4-A87E2F96E2E0}
	EndGlobalSection
EndGlobal
